
Microsoft Visual Studio Solution File, Format Version 12.00
# Visual Studio Version 17
VisualStudioVersion = 17.11.35222.181
MinimumVisualStudioVersion = 10.0.40219.1
Project("{FAE04EC0-301F-11D3-BF4B-00C04F79EFBC}") = "Proyecto 3 capas ModasDelCentro", "Proyecto 3 capas ModasDelCentro.csproj", "{9871B029-C26E-4086-A0C9-D9519208E330}"
EndProject
Project("{FAE04EC0-301F-11D3-BF4B-00C04F79EFBC}") = "VO", "VO\VO.csproj", "{9DCF1EEE-4DC3-42D0-8E85-2E3DEBF321EE}"
EndProject
Project("{FAE04EC0-301F-11D3-BF4B-00C04F79EFBC}") = "DAL", "DAL\DAL.csproj", "{80D0B0E8-E422-4BE4-8BA8-7ED2F98238EB}"
EndProject
Project("{FAE04EC0-301F-11D3-BF4B-00C04F79EFBC}") = "BLL", "BLL\BLL.csproj", "{B2A23BD3-334C-4DC5-8EED-E74495E10DC8}"
EndProject
Global
	GlobalSection(SolutionConfigurationPlatforms) = preSolution
		Debug|Any CPU = Debug|Any CPU
		Release|Any CPU = Release|Any CPU
	EndGlobalSection
	GlobalSection(ProjectConfigurationPlatforms) = postSolution
		{9871B029-C26E-4086-A0C9-D9519208E330}.Debug|Any CPU.ActiveCfg = Debug|Any CPU
		{9871B029-C26E-4086-A0C9-D9519208E330}.Debug|Any CPU.Build.0 = Debug|Any CPU
		{9871B029-C26E-4086-A0C9-D9519208E330}.Release|Any CPU.ActiveCfg = Release|Any CPU
		{9871B029-C26E-4086-A0C9-D9519208E330}.Release|Any CPU.Build.0 = Release|Any CPU
		{9DCF1EEE-4DC3-42D0-8E85-2E3DEBF321EE}.Debug|Any CPU.ActiveCfg = Debug|Any CPU
		{9DCF1EEE-4DC3-42D0-8E85-2E3DEBF321EE}.Debug|Any CPU.Build.0 = Debug|Any CPU
		{9DCF1EEE-4DC3-42D0-8E85-2E3DEBF321EE}.Release|Any CPU.ActiveCfg = Release|Any CPU
		{9DCF1EEE-4DC3-42D0-8E85-2E3DEBF321EE}.Release|Any CPU.Build.0 = Release|Any CPU
		{80D0B0E8-E422-4BE4-8BA8-7ED2F98238EB}.Debug|Any CPU.ActiveCfg = Debug|Any CPU
		{80D0B0E8-E422-4BE4-8BA8-7ED2F98238EB}.Debug|Any CPU.Build.0 = Debug|Any CPU
		{80D0B0E8-E422-4BE4-8BA8-7ED2F98238EB}.Release|Any CPU.ActiveCfg = Release|Any CPU
		{80D0B0E8-E422-4BE4-8BA8-7ED2F98238EB}.Release|Any CPU.Build.0 = Release|Any CPU
		{B2A23BD3-334C-4DC5-8EED-E74495E10DC8}.Debug|Any CPU.ActiveCfg = Debug|Any CPU
		{B2A23BD3-334C-4DC5-8EED-E74495E10DC8}.Debug|Any CPU.Build.0 = Debug|Any CPU
		{B2A23BD3-334C-4DC5-8EED-E74495E10DC8}.Release|Any CPU.ActiveCfg = Release|Any CPU
		{B2A23BD3-334C-4DC5-8EED-E74495E10DC8}.Release|Any CPU.Build.0 = Release|Any CPU
	EndGlobalSection
	GlobalSection(SolutionProperties) = preSolution
		HideSolutionNode = FALSE
	EndGlobalSection
	GlobalSection(ExtensibilityGlobals) = postSolution
		SolutionGuid = {FB37B78B-1740-4FBD-8CAE-0B004AE83EE7}
	EndGlobalSection
EndGlobal
